
Microsoft Visual Studio Solution File, Format Version 12.00
# Visual Studio 15
VisualStudioVersion = 15.0.28307.757
MinimumVisualStudioVersion = 10.0.40219.1
Project("{FAE04EC0-301F-11D3-BF4B-00C04F79EFBC}") = "SHA256-SignatureAlgorithm", "SHA256-SignatureAlgorithm\SHA256-SignatureAlgorithm.csproj", "{B8A04C04-71D2-4E59-9763-158F87E26565}"
EndProject
Global
	GlobalSection(SolutionConfigurationPlatforms) = preSolution
		Debug|Any CPU = Debug|Any CPU
		Release|Any CPU = Release|Any CPU
	EndGlobalSection
	GlobalSection(ProjectConfigurationPlatforms) = postSolution
		{B8A04C04-71D2-4E59-9763-158F87E26565}.Debug|Any CPU.ActiveCfg = Debug|Any CPU
		{B8A04C04-71D2-4E59-9763-158F87E26565}.Debug|Any CPU.Build.0 = Debug|Any CPU
		{B8A04C04-71D2-4E59-9763-158F87E26565}.Release|Any CPU.ActiveCfg = Release|Any CPU
		{B8A04C04-71D2-4E59-9763-158F87E26565}.Release|Any CPU.Build.0 = Release|Any CPU
	EndGlobalSection
	GlobalSection(SolutionProperties) = preSolution
		HideSolutionNode = FALSE
	EndGlobalSection
	GlobalSection(ExtensibilityGlobals) = postSolution
		SolutionGuid = {8B70FAA3-85BD-4FAD-9ADC-475FBA225058}
	EndGlobalSection
EndGlobal
